
Microsoft Visual Studio Solution File, Format Version 12.00
# Visual Studio Version 16
VisualStudioVersion = 25.0.1706.1
MinimumVisualStudioVersion = 10.0.40219.1
Project("{FAE04EC0-301F-11D3-BF4B-00C04F79EFBC}") = "aspnetserver", "aspnetserver\aspnetserver.csproj", "{23EFF7ED-F7F1-4F57-93E2-D2931D506463}"
EndProject
Project("{2150E333-8FDC-42A3-9474-1A3956D46DE8}") = "Solution Items", "Solution Items", "{AEEF2139-E029-4F25-92B4-54EDABE4FCCD}"
	ProjectSection(SolutionItems) = preProject
		.editorconfig = .editorconfig
	EndProjectSection
EndProject
Global
	GlobalSection(SolutionConfigurationPlatforms) = preSolution
		Debug|Any CPU = Debug|Any CPU
		Release|Any CPU = Release|Any CPU
	EndGlobalSection
	GlobalSection(ProjectConfigurationPlatforms) = postSolution
		{23EFF7ED-F7F1-4F57-93E2-D2931D506463}.Debug|Any CPU.ActiveCfg = Debug|Any CPU
		{23EFF7ED-F7F1-4F57-93E2-D2931D506463}.Debug|Any CPU.Build.0 = Debug|Any CPU
		{23EFF7ED-F7F1-4F57-93E2-D2931D506463}.Release|Any CPU.ActiveCfg = Release|Any CPU
		{23EFF7ED-F7F1-4F57-93E2-D2931D506463}.Release|Any CPU.Build.0 = Release|Any CPU
	EndGlobalSection
	GlobalSection(SolutionProperties) = preSolution
		HideSolutionNode = FALSE
	EndGlobalSection
	GlobalSection(ExtensibilityGlobals) = postSolution
		SolutionGuid = {142D0F60-8D9C-4724-91EA-7F835D6B7C7B}
	EndGlobalSection
EndGlobal
